
Microsoft Visual Studio Solution File, Format Version 12.00
# Visual Studio Version 17
VisualStudioVersion = 17.3.32922.545
MinimumVisualStudioVersion = 10.0.40219.1
Project("{FAE04EC0-301F-11D3-BF4B-00C04F79EFBC}") = "ToDo_Web", "ToDo_Web\ToDo_Web.csproj", "{DAF33377-7D8A-47E1-9F44-BC8F5032C241}"
EndProject
Global
	GlobalSection(SolutionConfigurationPlatforms) = preSolution
		Debug|Any CPU = Debug|Any CPU
		Release|Any CPU = Release|Any CPU
	EndGlobalSection
	GlobalSection(ProjectConfigurationPlatforms) = postSolution
		{DAF33377-7D8A-47E1-9F44-BC8F5032C241}.Debug|Any CPU.ActiveCfg = Debug|Any CPU
		{DAF33377-7D8A-47E1-9F44-BC8F5032C241}.Debug|Any CPU.Build.0 = Debug|Any CPU
		{DAF33377-7D8A-47E1-9F44-BC8F5032C241}.Release|Any CPU.ActiveCfg = Release|Any CPU
		{DAF33377-7D8A-47E1-9F44-BC8F5032C241}.Release|Any CPU.Build.0 = Release|Any CPU
	EndGlobalSection
	GlobalSection(SolutionProperties) = preSolution
		HideSolutionNode = FALSE
	EndGlobalSection
	GlobalSection(ExtensibilityGlobals) = postSolution
		SolutionGuid = {16077F81-EC54-48D0-B3B7-D47D545CC32D}
	EndGlobalSection
EndGlobal
